
Microsoft Visual Studio Solution File, Format Version 11.00
# Visual Studio 2010
Project("{2150E333-8FDC-42A3-9474-1A3956D46DE8}") = "Test", "Test", "{67E8418E-9BCB-4035-B9BA-ED48C7A8ACBD}"
EndProject
Project("{FAE04EC0-301F-11D3-BF4B-00C04F79EFBC}") = "PerformanceCounterHelper", "PerformanceCounterHelper\PerformanceCounterHelper.csproj", "{58DC2641-21D8-4BC8-9AC0-F49183465C13}"
EndProject
Project("{FAE04EC0-301F-11D3-BF4B-00C04F79EFBC}") = "PerformanceCounterHelper.Installer", "PerformanceCounterHelper.Installer\PerformanceCounterHelper.Installer.csproj", "{05230872-3DE2-4545-A223-3D7F34F3EDC5}"
EndProject
Project("{FAE04EC0-301F-11D3-BF4B-00C04F79EFBC}") = "TestApplication", "TestApplication\TestApplication.csproj", "{1CB5F282-54AB-4749-9D28-8396ABDCC674}"
EndProject
Global
	GlobalSection(SolutionConfigurationPlatforms) = preSolution
		Debug|Any CPU = Debug|Any CPU
		Release|Any CPU = Release|Any CPU
	EndGlobalSection
	GlobalSection(ProjectConfigurationPlatforms) = postSolution
		{58DC2641-21D8-4BC8-9AC0-F49183465C13}.Debug|Any CPU.ActiveCfg = Debug|Any CPU
		{58DC2641-21D8-4BC8-9AC0-F49183465C13}.Debug|Any CPU.Build.0 = Debug|Any CPU
		{58DC2641-21D8-4BC8-9AC0-F49183465C13}.Release|Any CPU.ActiveCfg = Release|Any CPU
		{58DC2641-21D8-4BC8-9AC0-F49183465C13}.Release|Any CPU.Build.0 = Release|Any CPU
		{05230872-3DE2-4545-A223-3D7F34F3EDC5}.Debug|Any CPU.ActiveCfg = Debug|Any CPU
		{05230872-3DE2-4545-A223-3D7F34F3EDC5}.Debug|Any CPU.Build.0 = Debug|Any CPU
		{05230872-3DE2-4545-A223-3D7F34F3EDC5}.Release|Any CPU.ActiveCfg = Release|Any CPU
		{05230872-3DE2-4545-A223-3D7F34F3EDC5}.Release|Any CPU.Build.0 = Release|Any CPU
		{1CB5F282-54AB-4749-9D28-8396ABDCC674}.Debug|Any CPU.ActiveCfg = Debug|Any CPU
		{1CB5F282-54AB-4749-9D28-8396ABDCC674}.Debug|Any CPU.Build.0 = Debug|Any CPU
		{1CB5F282-54AB-4749-9D28-8396ABDCC674}.Release|Any CPU.ActiveCfg = Release|Any CPU
		{1CB5F282-54AB-4749-9D28-8396ABDCC674}.Release|Any CPU.Build.0 = Release|Any CPU
	EndGlobalSection
	GlobalSection(SolutionProperties) = preSolution
		HideSolutionNode = FALSE
	EndGlobalSection
	GlobalSection(NestedProjects) = preSolution
		{1CB5F282-54AB-4749-9D28-8396ABDCC674} = {67E8418E-9BCB-4035-B9BA-ED48C7A8ACBD}
	EndGlobalSection
EndGlobal
